# This file is automatically @generated by Cargo.
# It is not intended for manual editing.
version = 4

[[package]]
name = "dbs"
version = "0.1.0"

[[package]]
name = "dist-systems"
version = "0.1.0"

[[package]]
name = "dsa"
version = "0.1.0"

[[package]]
name = "networking"
version = "0.1.0"

[[package]]
name = "programming"
version = "0.1.0"

[[package]]
name = "systems"
version = "0.1.0"
